lockfile_version: '1'
generated_at: '2026-07-22T05:08:49.718752+00:00'
apm_version: 0.12.4
dependencies:
- repo_url: forwardimpact/jidoka-skills
  host: github.com
  resolved_commit: 4b8268a289f7e6f4bc041e838e646386677c0194
  resolved_ref: 4b8268a289f7e6f4bc041e838e646386677c0194
  package_type: apm_package
  deployed_files:
  - .agents/skills/jidoka-audit
  - .agents/skills/jidoka-invariant
  - .agents/skills/jidoka-jtbd
  - .agents/skills/jidoka-layer
  - .agents/skills/jidoka-setup
  - .claude/agents/x-approval-signals.md
  - .claude/agents/x-auth-anomaly.md
  - .claude/agents/x-carry-forward-clearance.md
  - .claude/agents/x-citation-integrity.md
  - .claude/agents/x-coordination-protocol.md
  - .claude/agents/x-memory-protocol.md
  - .claude/agents/x-self-improvement.md
  - .claude/agents/x-work-definition.md
  - .claude/agents/x-work-trackers.md
  - .claude/skills/jidoka-audit
  - .claude/skills/jidoka-invariant
  - .claude/skills/jidoka-jtbd
  - .claude/skills/jidoka-layer
  - .claude/skills/jidoka-setup
  - .github/agents/x-approval-signals.agent.md
  - .github/agents/x-auth-anomaly.agent.md
  - .github/agents/x-carry-forward-clearance.agent.md
  - .github/agents/x-citation-integrity.agent.md
  - .github/agents/x-coordination-protocol.agent.md
  - .github/agents/x-memory-protocol.agent.md
  - .github/agents/x-self-improvement.agent.md
  - .github/agents/x-work-definition.agent.md
  - .github/agents/x-work-trackers.agent.md
  deployed_file_hashes:
    .claude/agents/x-approval-signals.md: sha256:09ebab398c6f10b4adaa5087bffda2b27462ed9e7ad8d86e0d6ddb8be07ed8a3
    .claude/agents/x-auth-anomaly.md: sha256:56b5078b08166bff948b68489dda72f067131752772622b4d93fb89903cfc425
    .claude/agents/x-carry-forward-clearance.md: sha256:876e2649fc70df4e67955ac7bac43a16e33d21e6ca5a56b022efcb4c3e40a986
    .claude/agents/x-citation-integrity.md: sha256:a204d68be5b6d9fb23b9fc52dc25967165072947499c71e0db1ee07646525042
    .claude/agents/x-coordination-protocol.md: sha256:a960a50e818cb11c06cfdaccbad85d9358b9b337cc2efb203876e039713db1a1
    .claude/agents/x-memory-protocol.md: sha256:156b0e00266b6d4e66266e7f7d1d78a8d46423ace6eb3ec5428124192ec5fb2d
    .claude/agents/x-self-improvement.md: sha256:44347ac35fdccd6616ea16fa972ad74d631d97fa661a28f54033c0174bc02dff
    .claude/agents/x-work-definition.md: sha256:f318022ff1705a2f778a4454f9ca88957699f0d0dc6e88e51f5368e7dee949aa
    .claude/agents/x-work-trackers.md: sha256:b71a77113519646a581a06fdc42d223da310d08e5371bc741854479d707698e0
    .github/agents/x-approval-signals.agent.md: sha256:09ebab398c6f10b4adaa5087bffda2b27462ed9e7ad8d86e0d6ddb8be07ed8a3
    .github/agents/x-auth-anomaly.agent.md: sha256:56b5078b08166bff948b68489dda72f067131752772622b4d93fb89903cfc425
    .github/agents/x-carry-forward-clearance.agent.md: sha256:876e2649fc70df4e67955ac7bac43a16e33d21e6ca5a56b022efcb4c3e40a986
    .github/agents/x-citation-integrity.agent.md: sha256:a204d68be5b6d9fb23b9fc52dc25967165072947499c71e0db1ee07646525042
    .github/agents/x-coordination-protocol.agent.md: sha256:a960a50e818cb11c06cfdaccbad85d9358b9b337cc2efb203876e039713db1a1
    .github/agents/x-memory-protocol.agent.md: sha256:156b0e00266b6d4e66266e7f7d1d78a8d46423ace6eb3ec5428124192ec5fb2d
    .github/agents/x-self-improvement.agent.md: sha256:44347ac35fdccd6616ea16fa972ad74d631d97fa661a28f54033c0174bc02dff
    .github/agents/x-work-definition.agent.md: sha256:f318022ff1705a2f778a4454f9ca88957699f0d0dc6e88e51f5368e7dee949aa
    .github/agents/x-work-trackers.agent.md: sha256:b71a77113519646a581a06fdc42d223da310d08e5371bc741854479d707698e0
  content_hash: sha256:929a15e7c5bb0fe38b3324b088e4615fbfec1da93c07767719770be5aa0f56e5
- repo_url: forwardimpact/kata-skills
  host: github.com
  resolved_commit: 063d53afe23f46ec9d608230884827f17f8bb764
  resolved_ref: 063d53afe23f46ec9d608230884827f17f8bb764
  package_type: apm_package
  deployed_files:
  - .agents/skills/kata-archive
  - .agents/skills/kata-backlog-synthesis
  - .agents/skills/kata-design
  - .agents/skills/kata-devex-audit
  - .agents/skills/kata-documentation
  - .agents/skills/kata-implement
  - .agents/skills/kata-interview
  - .agents/skills/kata-plan
  - .agents/skills/kata-product-issue
  - .agents/skills/kata-release-cut
  - .agents/skills/kata-release-merge
  - .agents/skills/kata-review
  - .agents/skills/kata-security-audit
  - .agents/skills/kata-security-update
  - .agents/skills/kata-session
  - .agents/skills/kata-setup
  - .agents/skills/kata-spec
  - .agents/skills/kata-wiki-curate
  - .claude/agents/archivist.md
  - .claude/agents/devex-engineer.md
  - .claude/agents/improvement-coach.md
  - .claude/agents/product-manager.md
  - .claude/agents/release-engineer.md
  - .claude/agents/security-engineer.md
  - .claude/agents/staff-engineer.md
  - .claude/agents/technical-writer.md
  - .claude/skills/kata-archive
  - .claude/skills/kata-backlog-synthesis
  - .claude/skills/kata-design
  - .claude/skills/kata-devex-audit
  - .claude/skills/kata-documentation
  - .claude/skills/kata-implement
  - .claude/skills/kata-interview
  - .claude/skills/kata-plan
  - .claude/skills/kata-product-issue
  - .claude/skills/kata-release-cut
  - .claude/skills/kata-release-merge
  - .claude/skills/kata-review
  - .claude/skills/kata-security-audit
  - .claude/skills/kata-security-update
  - .claude/skills/kata-session
  - .claude/skills/kata-setup
  - .claude/skills/kata-spec
  - .claude/skills/kata-wiki-curate
  - .github/agents/archivist.agent.md
  - .github/agents/devex-engineer.agent.md
  - .github/agents/improvement-coach.agent.md
  - .github/agents/product-manager.agent.md
  - .github/agents/release-engineer.agent.md
  - .github/agents/security-engineer.agent.md
  - .github/agents/staff-engineer.agent.md
  - .github/agents/technical-writer.agent.md
  deployed_file_hashes:
    .claude/agents/archivist.md: sha256:b66fb5011a86c33e01178b3e66483cbd4d00c47e0e9a8277f6684d4545ed73a4
    .claude/agents/devex-engineer.md: sha256:98bb308f9f0321b1f2d1b350d950634c08f66be3bf11b506abc912680029bb55
    .claude/agents/improvement-coach.md: sha256:7d99e5970a5198ab51898d17c8c4dc99f8cde9c0e2cb7314255bad89b165cc5e
    .claude/agents/product-manager.md: sha256:7506cf7a5ba5ddd3dfc262f72c9c17c714091e069671614940076ea1d4e47e32
    .claude/agents/release-engineer.md: sha256:ab2e23dda1ea46eb982557a3be88e2fafb8bc216c91cb52f8c3df508cee2d6cb
    .claude/agents/security-engineer.md: sha256:59726646b2de024ae52e9eed02f2b2a50a10d053771e53112dee0320ee0052b5
    .claude/agents/staff-engineer.md: sha256:b125c1374ded871c9de6896fddcc897ffa51099773bcc5232516810292d323c0
    .claude/agents/technical-writer.md: sha256:b4db3013e530f6020c80a8f2003e43146a0b8b500640cc78dddd99f8147494ab
    .github/agents/archivist.agent.md: sha256:b66fb5011a86c33e01178b3e66483cbd4d00c47e0e9a8277f6684d4545ed73a4
    .github/agents/devex-engineer.agent.md: sha256:98bb308f9f0321b1f2d1b350d950634c08f66be3bf11b506abc912680029bb55
    .github/agents/improvement-coach.agent.md: sha256:7d99e5970a5198ab51898d17c8c4dc99f8cde9c0e2cb7314255bad89b165cc5e
    .github/agents/product-manager.agent.md: sha256:7506cf7a5ba5ddd3dfc262f72c9c17c714091e069671614940076ea1d4e47e32
    .github/agents/release-engineer.agent.md: sha256:ab2e23dda1ea46eb982557a3be88e2fafb8bc216c91cb52f8c3df508cee2d6cb
    .github/agents/security-engineer.agent.md: sha256:59726646b2de024ae52e9eed02f2b2a50a10d053771e53112dee0320ee0052b5
    .github/agents/staff-engineer.agent.md: sha256:b125c1374ded871c9de6896fddcc897ffa51099773bcc5232516810292d323c0
    .github/agents/technical-writer.agent.md: sha256:b4db3013e530f6020c80a8f2003e43146a0b8b500640cc78dddd99f8147494ab
  content_hash: sha256:298329cdd2b505c70ba8a956d828a3b16291c7d448b5bcbe651ae7c8be03d1c0
