lockfile_version: '1'
generated_at: '2026-07-21T21:13:59.450747+00:00'
apm_version: 0.12.4
dependencies:
- repo_url: forwardimpact/jidoka-skills
  host: github.com
  resolved_commit: 4b8268a289f7e6f4bc041e838e646386677c0194
  resolved_ref: 4b8268a289f7e6f4bc041e838e646386677c0194
  package_type: apm_package
  deployed_files:
  - .agents/skills/jidoka-audit
  - .agents/skills/jidoka-invariant
  - .agents/skills/jidoka-jtbd
  - .agents/skills/jidoka-layer
  - .agents/skills/jidoka-setup
  - .claude/agents/x-approval-signals.md
  - .claude/agents/x-auth-anomaly.md
  - .claude/agents/x-carry-forward-clearance.md
  - .claude/agents/x-citation-integrity.md
  - .claude/agents/x-coordination-protocol.md
  - .claude/agents/x-memory-protocol.md
  - .claude/agents/x-self-improvement.md
  - .claude/agents/x-work-definition.md
  - .claude/agents/x-work-trackers.md
  - .claude/skills/jidoka-audit
  - .claude/skills/jidoka-invariant
  - .claude/skills/jidoka-jtbd
  - .claude/skills/jidoka-layer
  - .claude/skills/jidoka-setup
  - .github/agents/x-approval-signals.agent.md
  - .github/agents/x-auth-anomaly.agent.md
  - .github/agents/x-carry-forward-clearance.agent.md
  - .github/agents/x-citation-integrity.agent.md
  - .github/agents/x-coordination-protocol.agent.md
  - .github/agents/x-memory-protocol.agent.md
  - .github/agents/x-self-improvement.agent.md
  - .github/agents/x-work-definition.agent.md
  - .github/agents/x-work-trackers.agent.md
  deployed_file_hashes:
    .claude/agents/x-approval-signals.md: sha256:09ebab398c6f10b4adaa5087bffda2b27462ed9e7ad8d86e0d6ddb8be07ed8a3
    .claude/agents/x-auth-anomaly.md: sha256:56b5078b08166bff948b68489dda72f067131752772622b4d93fb89903cfc425
    .claude/agents/x-carry-forward-clearance.md: sha256:876e2649fc70df4e67955ac7bac43a16e33d21e6ca5a56b022efcb4c3e40a986
    .claude/agents/x-citation-integrity.md: sha256:a204d68be5b6d9fb23b9fc52dc25967165072947499c71e0db1ee07646525042
    .claude/agents/x-coordination-protocol.md: sha256:a960a50e818cb11c06cfdaccbad85d9358b9b337cc2efb203876e039713db1a1
    .claude/agents/x-memory-protocol.md: sha256:156b0e00266b6d4e66266e7f7d1d78a8d46423ace6eb3ec5428124192ec5fb2d
    .claude/agents/x-self-improvement.md: sha256:44347ac35fdccd6616ea16fa972ad74d631d97fa661a28f54033c0174bc02dff
    .claude/agents/x-work-definition.md: sha256:f318022ff1705a2f778a4454f9ca88957699f0d0dc6e88e51f5368e7dee949aa
    .claude/agents/x-work-trackers.md: sha256:b71a77113519646a581a06fdc42d223da310d08e5371bc741854479d707698e0
    .github/agents/x-approval-signals.agent.md: sha256:09ebab398c6f10b4adaa5087bffda2b27462ed9e7ad8d86e0d6ddb8be07ed8a3
    .github/agents/x-auth-anomaly.agent.md: sha256:56b5078b08166bff948b68489dda72f067131752772622b4d93fb89903cfc425
    .github/agents/x-carry-forward-clearance.agent.md: sha256:876e2649fc70df4e67955ac7bac43a16e33d21e6ca5a56b022efcb4c3e40a986
    .github/agents/x-citation-integrity.agent.md: sha256:a204d68be5b6d9fb23b9fc52dc25967165072947499c71e0db1ee07646525042
    .github/agents/x-coordination-protocol.agent.md: sha256:a960a50e818cb11c06cfdaccbad85d9358b9b337cc2efb203876e039713db1a1
    .github/agents/x-memory-protocol.agent.md: sha256:156b0e00266b6d4e66266e7f7d1d78a8d46423ace6eb3ec5428124192ec5fb2d
    .github/agents/x-self-improvement.agent.md: sha256:44347ac35fdccd6616ea16fa972ad74d631d97fa661a28f54033c0174bc02dff
    .github/agents/x-work-definition.agent.md: sha256:f318022ff1705a2f778a4454f9ca88957699f0d0dc6e88e51f5368e7dee949aa
    .github/agents/x-work-trackers.agent.md: sha256:b71a77113519646a581a06fdc42d223da310d08e5371bc741854479d707698e0
  content_hash: sha256:929a15e7c5bb0fe38b3324b088e4615fbfec1da93c07767719770be5aa0f56e5
- repo_url: forwardimpact/kata-skills
  host: github.com
  resolved_commit: 063d53afe23f46ec9d608230884827f17f8bb764
  resolved_ref: 063d53afe23f46ec9d608230884827f17f8bb764
  package_type: apm_package
  deployed_files:
  - .agents/skills/kata-backlog-synthesis
  - .agents/skills/kata-design
  - .agents/skills/kata-documentation
  - .agents/skills/kata-implement
  - .agents/skills/kata-interview
  - .agents/skills/kata-plan
  - .agents/skills/kata-product-issue
  - .agents/skills/kata-release-cut
  - .agents/skills/kata-release-merge
  - .agents/skills/kata-review
  - .agents/skills/kata-security-audit
  - .agents/skills/kata-security-update
  - .agents/skills/kata-session
  - .agents/skills/kata-setup
  - .agents/skills/kata-spec
  - .agents/skills/kata-wiki-curate
  - .claude/agents/approval-signals.md
  - .claude/agents/auth-anomaly.md
  - .claude/agents/carry-forward-clearance.md
  - .claude/agents/citation-integrity.md
  - .claude/agents/coordination-protocol.md
  - .claude/agents/improvement-coach.md
  - .claude/agents/memory-protocol.md
  - .claude/agents/product-manager.md
  - .claude/agents/release-engineer.md
  - .claude/agents/security-engineer.md
  - .claude/agents/self-improvement.md
  - .claude/agents/staff-engineer.md
  - .claude/agents/technical-writer.md
  - .claude/agents/work-definition.md
  - .claude/agents/work-trackers.md
  - .claude/skills/kata-backlog-synthesis
  - .claude/skills/kata-design
  - .claude/skills/kata-documentation
  - .claude/skills/kata-implement
  - .claude/skills/kata-interview
  - .claude/skills/kata-plan
  - .claude/skills/kata-product-issue
  - .claude/skills/kata-release-cut
  - .claude/skills/kata-release-merge
  - .claude/skills/kata-review
  - .claude/skills/kata-security-audit
  - .claude/skills/kata-security-update
  - .claude/skills/kata-session
  - .claude/skills/kata-setup
  - .claude/skills/kata-spec
  - .claude/skills/kata-wiki-curate
  - .github/agents/approval-signals.agent.md
  - .github/agents/auth-anomaly.agent.md
  - .github/agents/carry-forward-clearance.agent.md
  - .github/agents/citation-integrity.agent.md
  - .github/agents/coordination-protocol.agent.md
  - .github/agents/improvement-coach.agent.md
  - .github/agents/memory-protocol.agent.md
  - .github/agents/product-manager.agent.md
  - .github/agents/release-engineer.agent.md
  - .github/agents/security-engineer.agent.md
  - .github/agents/self-improvement.agent.md
  - .github/agents/staff-engineer.agent.md
  - .github/agents/technical-writer.agent.md
  - .github/agents/work-definition.agent.md
  - .github/agents/work-trackers.agent.md
  deployed_file_hashes:
    .claude/agents/approval-signals.md: sha256:a0798386e7bab2c49101868d9a286a2e0b7b8b279040ee14cb2e9299e68973df
    .claude/agents/auth-anomaly.md: sha256:56b5078b08166bff948b68489dda72f067131752772622b4d93fb89903cfc425
    .claude/agents/carry-forward-clearance.md: sha256:18e3eaf63d000d1a9bc8729bf50a1fe9c8a2f818b2a4154a0f66efc14ac82373
    .claude/agents/citation-integrity.md: sha256:a204d68be5b6d9fb23b9fc52dc25967165072947499c71e0db1ee07646525042
    .claude/agents/coordination-protocol.md: sha256:2f09915e32da0859a6794f794b99771534b643011dac7847242608dc05f48066
    .claude/agents/improvement-coach.md: sha256:772c263345b373e2dfcf4eb284ac370684699aa17c8c3f29d47e7c329b368c3c
    .claude/agents/memory-protocol.md: sha256:b2414f08361a3226f81f08bb046dfec7162d183cb9d343087f1815b01cdf6c84
    .claude/agents/product-manager.md: sha256:2114dd63779741ea575a5fcb8728b598ba81c347ec9d1a4243254dc5bf5809dc
    .claude/agents/release-engineer.md: sha256:01f2f950832885f577f19dc5a71fa9512f2ceda1032ac3fb87eb74a9d613cc5b
    .claude/agents/security-engineer.md: sha256:ecd03e2876de7a242ab7001970dda1304e41514a5d156b6138c6a4dc0970be94
    .claude/agents/self-improvement.md: sha256:7313e00e1f557ab41daef20aee2396a3a764be2726baf912bf2456cdf1159333
    .claude/agents/staff-engineer.md: sha256:94f4fb1b570795662ffc79d1613bf919e6194552b1fd4249ccec958278624838
    .claude/agents/technical-writer.md: sha256:53fd7417a9d4807e39287ba2d570eee8b08ad2ec0a0142d0f509573881ee2543
    .claude/agents/work-definition.md: sha256:fd72a9ac6e9bf13d03cf1f203ccd2ec67cd2e8f7adb70c8c283e3f70bdb8b844
    .claude/agents/work-trackers.md: sha256:e527b398345a18b3ef8d48576520ce9f260d7916a9ac3468eb7ee7dd5390dbb5
    .github/agents/approval-signals.agent.md: sha256:a0798386e7bab2c49101868d9a286a2e0b7b8b279040ee14cb2e9299e68973df
    .github/agents/auth-anomaly.agent.md: sha256:56b5078b08166bff948b68489dda72f067131752772622b4d93fb89903cfc425
    .github/agents/carry-forward-clearance.agent.md: sha256:18e3eaf63d000d1a9bc8729bf50a1fe9c8a2f818b2a4154a0f66efc14ac82373
    .github/agents/citation-integrity.agent.md: sha256:a204d68be5b6d9fb23b9fc52dc25967165072947499c71e0db1ee07646525042
    .github/agents/coordination-protocol.agent.md: sha256:2f09915e32da0859a6794f794b99771534b643011dac7847242608dc05f48066
    .github/agents/improvement-coach.agent.md: sha256:772c263345b373e2dfcf4eb284ac370684699aa17c8c3f29d47e7c329b368c3c
    .github/agents/memory-protocol.agent.md: sha256:b2414f08361a3226f81f08bb046dfec7162d183cb9d343087f1815b01cdf6c84
    .github/agents/product-manager.agent.md: sha256:2114dd63779741ea575a5fcb8728b598ba81c347ec9d1a4243254dc5bf5809dc
    .github/agents/release-engineer.agent.md: sha256:01f2f950832885f577f19dc5a71fa9512f2ceda1032ac3fb87eb74a9d613cc5b
    .github/agents/security-engineer.agent.md: sha256:ecd03e2876de7a242ab7001970dda1304e41514a5d156b6138c6a4dc0970be94
    .github/agents/self-improvement.agent.md: sha256:7313e00e1f557ab41daef20aee2396a3a764be2726baf912bf2456cdf1159333
    .github/agents/staff-engineer.agent.md: sha256:94f4fb1b570795662ffc79d1613bf919e6194552b1fd4249ccec958278624838
    .github/agents/technical-writer.agent.md: sha256:53fd7417a9d4807e39287ba2d570eee8b08ad2ec0a0142d0f509573881ee2543
    .github/agents/work-definition.agent.md: sha256:fd72a9ac6e9bf13d03cf1f203ccd2ec67cd2e8f7adb70c8c283e3f70bdb8b844
    .github/agents/work-trackers.agent.md: sha256:e527b398345a18b3ef8d48576520ce9f260d7916a9ac3468eb7ee7dd5390dbb5
  content_hash: sha256:16a9ebfa76887101d290ce32cd8a4b0134a4dbcd0e1ad6b2f422cafc8f8a24e5
